
Microsoft Visual Studio Solution File, Format Version 12.00
# Visual Studio 15
VisualStudioVersion = 15.0.28307.779
MinimumVisualStudioVersion = 10.0.40219.1
Project("{9A19103F-16F7-4668-BE54-9A1E7A4F7556}") = "Donuts", "Donuts\Donuts.csproj", "{87EA9A75-0BB1-420D-BD17-C0B1C91AF411}"
EndProject
Project("{9A19103F-16F7-4668-BE54-9A1E7A4F7556}") = "Donuts.test", "Donuts.test\Donuts.test.csproj", "{351F65A5-3510-4F33-9277-175FFB06CB83}"
EndProject
Project("{2150E333-8FDC-42A3-9474-1A3956D46DE8}") = "Solution Items", "Solution Items", "{0EF23A27-3417-4C10-B80B-8C71D48299F3}"
	ProjectSection(SolutionItems) = preProject
		ReadMe.md = ReadMe.md
	EndProjectSection
EndProject
Project("{FAE04EC0-301F-11D3-BF4B-00C04F79EFBC}") = "UnitTestProject1", "UnitTestProject1\UnitTestProject1.csproj", "{6ED6A186-8091-4A30-91CA-3C1AE38836D9}"
EndProject
Global
	GlobalSection(SolutionConfigurationPlatforms) = preSolution
		Debug|Any CPU = Debug|Any CPU
		Release|Any CPU = Release|Any CPU
	EndGlobalSection
	GlobalSection(ProjectConfigurationPlatforms) = postSolution
		{87EA9A75-0BB1-420D-BD17-C0B1C91AF411}.Debug|Any CPU.ActiveCfg = Debug|Any CPU
		{87EA9A75-0BB1-420D-BD17-C0B1C91AF411}.Debug|Any CPU.Build.0 = Debug|Any CPU
		{87EA9A75-0BB1-420D-BD17-C0B1C91AF411}.Release|Any CPU.ActiveCfg = Release|Any CPU
		{87EA9A75-0BB1-420D-BD17-C0B1C91AF411}.Release|Any CPU.Build.0 = Release|Any CPU
		{351F65A5-3510-4F33-9277-175FFB06CB83}.Debug|Any CPU.ActiveCfg = Debug|Any CPU
		{351F65A5-3510-4F33-9277-175FFB06CB83}.Debug|Any CPU.Build.0 = Debug|Any CPU
		{351F65A5-3510-4F33-9277-175FFB06CB83}.Release|Any CPU.ActiveCfg = Release|Any CPU
		{351F65A5-3510-4F33-9277-175FFB06CB83}.Release|Any CPU.Build.0 = Release|Any CPU
		{6ED6A186-8091-4A30-91CA-3C1AE38836D9}.Debug|Any CPU.ActiveCfg = Debug|Any CPU
		{6ED6A186-8091-4A30-91CA-3C1AE38836D9}.Debug|Any CPU.Build.0 = Debug|Any CPU
		{6ED6A186-8091-4A30-91CA-3C1AE38836D9}.Release|Any CPU.ActiveCfg = Release|Any CPU
		{6ED6A186-8091-4A30-91CA-3C1AE38836D9}.Release|Any CPU.Build.0 = Release|Any CPU
	EndGlobalSection
	GlobalSection(SolutionProperties) = preSolution
		HideSolutionNode = FALSE
	EndGlobalSection
	GlobalSection(ExtensibilityGlobals) = postSolution
		SolutionGuid = {115FD8E3-F019-4707-A835-67B1D8936EC9}
	EndGlobalSection
EndGlobal
